
Microsoft Visual Studio Solution File, Format Version 12.00
# Visual Studio 15
VisualStudioVersion = 15.0.27130.2010
MinimumVisualStudioVersion = 10.0.40219.1
Project("{FAE04EC0-301F-11D3-BF4B-00C04F79EFBC}") = "HttpPostImage", "HttpPostImage\HttpPostImage.csproj", "{2ABC8FB6-1BC1-4A51-92A0-2E7B2DCAF56E}"
EndProject
Global
	GlobalSection(SolutionConfigurationPlatforms) = preSolution
		Debug|Any CPU = Debug|Any CPU
		Release|Any CPU = Release|Any CPU
	EndGlobalSection
	GlobalSection(ProjectConfigurationPlatforms) = postSolution
		{2ABC8FB6-1BC1-4A51-92A0-2E7B2DCAF56E}.Debug|Any CPU.ActiveCfg = Debug|Any CPU
		{2ABC8FB6-1BC1-4A51-92A0-2E7B2DCAF56E}.Debug|Any CPU.Build.0 = Debug|Any CPU
		{2ABC8FB6-1BC1-4A51-92A0-2E7B2DCAF56E}.Release|Any CPU.ActiveCfg = Release|Any CPU
		{2ABC8FB6-1BC1-4A51-92A0-2E7B2DCAF56E}.Release|Any CPU.Build.0 = Release|Any CPU
	EndGlobalSection
	GlobalSection(SolutionProperties) = preSolution
		HideSolutionNode = FALSE
	EndGlobalSection
	GlobalSection(ExtensibilityGlobals) = postSolution
		SolutionGuid = {D80DD6D6-D748-4945-927F-90CEF65F1D68}
	EndGlobalSection
EndGlobal
